<?xml version="1.0" encoding="UTF-8"?>
<CodeBlocks_project_file>
	<FileVersion major="1" minor="6"/>
	<Project>
		<Option title="gtest"/>
		<Option makefile_is_custom="1"/>
		<Option compiler="clang"/>
		<Option virtualFolders="CMake Files\;CMake Files\clipper\;CMake Files\compress\;CMake Files\..\;CMake Files\..\lib_external\;CMake Files\..\lib_external\googletest\;CMake Files\..\lib_external\googletest\googlemock\;CMake Files\..\lib_external\googletest\googlemock\cmake\;CMake Files\..\lib_external\googletest\googletest\;CMake Files\..\lib_external\googletest\googletest\cmake\;CMake Files\..\..\;CMake Files\..\..\..\;CMake Files\..\..\..\..\;CMake Files\..\..\..\..\..\;CMake Files\..\..\..\..\..\..\;CMake Files\..\..\..\..\..\..\..\;CMake Files\..\..\..\..\..\..\..\usr\;CMake Files\..\..\..\..\..\..\..\usr\lib64\;CMake Files\..\..\..\..\..\..\..\usr\lib64\cmake\;CMake Files\..\..\..\..\..\..\..\usr\lib64\cmake\SDL2\;CMake Files\molflow_win\;CMake Files\pugixml\;CMake Files\nativefiledialog\;CMake Files\sdl_savepng\;CMake Files\truncatedgaussian\;CMake Files\molflow_testsuit\;"/>
		<Build>
			<Target title="all">
				<Option working_dir="/home/pascal/cernbox/Projects/Molflow_code/molflow_threaded/CMake/lib_external/googletest"/>
				<Option type="4"/>
				<MakeCommands>
					<Build command="/usr/bin/gmake -j4 -f &quot;/home/pascal/cernbox/Projects/Molflow_code/molflow_threaded/CMake/lib_external/googletest/Makefile&quot;  VERBOSE=1 all"/>
					<CompileFile command="/usr/bin/gmake -j4 -f &quot;/home/pascal/cernbox/Projects/Molflow_code/molflow_threaded/CMake/lib_external/googletest/Makefile&quot;  VERBOSE=1 &quot;$file&quot;"/>
					<Clean command="/usr/bin/gmake -j4 -f &quot;/home/pascal/cernbox/Projects/Molflow_code/molflow_threaded/CMake/lib_external/googletest/Makefile&quot;  VERBOSE=1 clean"/>
					<DistClean command="/usr/bin/gmake -j4 -f &quot;/home/pascal/cernbox/Projects/Molflow_code/molflow_threaded/CMake/lib_external/googletest/Makefile&quot;  VERBOSE=1 clean"/>
				</MakeCommands>
			</Target>
			<Target title="gtest_main">
				<Option output="/home/pascal/cernbox/Projects/Molflow_code/molflow_threaded/CMake/cmake-build-release/lib/libgtest_main.a" prefix_auto="0" extension_auto="0"/>
				<Option working_dir="/home/pascal/cernbox/Projects/Molflow_code/molflow_threaded/CMake/lib_external/googletest"/>
				<Option object_output="./"/>
				<Option type="2"/>
				<Option compiler="clang"/>
				<Compiler>
					<Add directory="/home/pascal/cernbox/Projects/Molflow_code/molflow_threaded/lib_external/googletest/googletest/include"/>
					<Add directory="/home/pascal/cernbox/Projects/Molflow_code/molflow_threaded/lib_external/googletest/googletest"/>
					<Add directory="/usr/bin/../lib64/gcc/x86_64-suse-linux/8/../../../../include/c++/8"/>
					<Add directory="/usr/bin/../lib64/gcc/x86_64-suse-linux/8/../../../../include/c++/8/x86_64-suse-linux"/>
					<Add directory="/usr/bin/../lib64/gcc/x86_64-suse-linux/8/../../../../include/c++/8/backward"/>
					<Add directory="/usr/local/include"/>
					<Add directory="/usr/lib64/clang/7.0.1/include"/>
					<Add directory="/usr/include"/>
				</Compiler>
				<MakeCommands>
					<Build command="/usr/bin/gmake -j4 -f &quot;/home/pascal/cernbox/Projects/Molflow_code/molflow_threaded/CMake/lib_external/googletest/Makefile&quot;  VERBOSE=1 gtest_main"/>
					<CompileFile command="/usr/bin/gmake -j4 -f &quot;/home/pascal/cernbox/Projects/Molflow_code/molflow_threaded/CMake/lib_external/googletest/Makefile&quot;  VERBOSE=1 &quot;$file&quot;"/>
					<Clean command="/usr/bin/gmake -j4 -f &quot;/home/pascal/cernbox/Projects/Molflow_code/molflow_threaded/CMake/lib_external/googletest/Makefile&quot;  VERBOSE=1 clean"/>
					<DistClean command="/usr/bin/gmake -j4 -f &quot;/home/pascal/cernbox/Projects/Molflow_code/molflow_threaded/CMake/lib_external/googletest/Makefile&quot;  VERBOSE=1 clean"/>
				</MakeCommands>
			</Target>
			<Target title="gtest_main/fast">
				<Option output="/home/pascal/cernbox/Projects/Molflow_code/molflow_threaded/CMake/cmake-build-release/lib/libgtest_main.a" prefix_auto="0" extension_auto="0"/>
				<Option working_dir="/home/pascal/cernbox/Projects/Molflow_code/molflow_threaded/CMake/lib_external/googletest"/>
				<Option object_output="./"/>
				<Option type="2"/>
				<Option compiler="clang"/>
				<Compiler>
					<Add directory="/home/pascal/cernbox/Projects/Molflow_code/molflow_threaded/lib_external/googletest/googletest/include"/>
					<Add directory="/home/pascal/cernbox/Projects/Molflow_code/molflow_threaded/lib_external/googletest/googletest"/>
					<Add directory="/usr/bin/../lib64/gcc/x86_64-suse-linux/8/../../../../include/c++/8"/>
					<Add directory="/usr/bin/../lib64/gcc/x86_64-suse-linux/8/../../../../include/c++/8/x86_64-suse-linux"/>
					<Add directory="/usr/bin/../lib64/gcc/x86_64-suse-linux/8/../../../../include/c++/8/backward"/>
					<Add directory="/usr/local/include"/>
					<Add directory="/usr/lib64/clang/7.0.1/include"/>
					<Add directory="/usr/include"/>
				</Compiler>
				<MakeCommands>
					<Build command="/usr/bin/gmake -j4 -f &quot;/home/pascal/cernbox/Projects/Molflow_code/molflow_threaded/CMake/lib_external/googletest/Makefile&quot;  VERBOSE=1 gtest_main/fast"/>
					<CompileFile command="/usr/bin/gmake -j4 -f &quot;/home/pascal/cernbox/Projects/Molflow_code/molflow_threaded/CMake/lib_external/googletest/Makefile&quot;  VERBOSE=1 &quot;$file&quot;"/>
					<Clean command="/usr/bin/gmake -j4 -f &quot;/home/pascal/cernbox/Projects/Molflow_code/molflow_threaded/CMake/lib_external/googletest/Makefile&quot;  VERBOSE=1 clean"/>
					<DistClean command="/usr/bin/gmake -j4 -f &quot;/home/pascal/cernbox/Projects/Molflow_code/molflow_threaded/CMake/lib_external/googletest/Makefile&quot;  VERBOSE=1 clean"/>
				</MakeCommands>
			</Target>
			<Target title="gtest">
				<Option output="/home/pascal/cernbox/Projects/Molflow_code/molflow_threaded/CMake/cmake-build-release/lib/libgtest.a" prefix_auto="0" extension_auto="0"/>
				<Option working_dir="/home/pascal/cernbox/Projects/Molflow_code/molflow_threaded/CMake/lib_external/googletest"/>
				<Option object_output="./"/>
				<Option type="2"/>
				<Option compiler="clang"/>
				<Compiler>
					<Add directory="/home/pascal/cernbox/Projects/Molflow_code/molflow_threaded/lib_external/googletest/googletest/include"/>
					<Add directory="/home/pascal/cernbox/Projects/Molflow_code/molflow_threaded/lib_external/googletest/googletest"/>
					<Add directory="/usr/bin/../lib64/gcc/x86_64-suse-linux/8/../../../../include/c++/8"/>
					<Add directory="/usr/bin/../lib64/gcc/x86_64-suse-linux/8/../../../../include/c++/8/x86_64-suse-linux"/>
					<Add directory="/usr/bin/../lib64/gcc/x86_64-suse-linux/8/../../../../include/c++/8/backward"/>
					<Add directory="/usr/local/include"/>
					<Add directory="/usr/lib64/clang/7.0.1/include"/>
					<Add directory="/usr/include"/>
				</Compiler>
				<MakeCommands>
					<Build command="/usr/bin/gmake -j4 -f &quot;/home/pascal/cernbox/Projects/Molflow_code/molflow_threaded/CMake/lib_external/googletest/Makefile&quot;  VERBOSE=1 gtest"/>
					<CompileFile command="/usr/bin/gmake -j4 -f &quot;/home/pascal/cernbox/Projects/Molflow_code/molflow_threaded/CMake/lib_external/googletest/Makefile&quot;  VERBOSE=1 &quot;$file&quot;"/>
					<Clean command="/usr/bin/gmake -j4 -f &quot;/home/pascal/cernbox/Projects/Molflow_code/molflow_threaded/CMake/lib_external/googletest/Makefile&quot;  VERBOSE=1 clean"/>
					<DistClean command="/usr/bin/gmake -j4 -f &quot;/home/pascal/cernbox/Projects/Molflow_code/molflow_threaded/CMake/lib_external/googletest/Makefile&quot;  VERBOSE=1 clean"/>
				</MakeCommands>
			</Target>
			<Target title="gtest/fast">
				<Option output="/home/pascal/cernbox/Projects/Molflow_code/molflow_threaded/CMake/cmake-build-release/lib/libgtest.a" prefix_auto="0" extension_auto="0"/>
				<Option working_dir="/home/pascal/cernbox/Projects/Molflow_code/molflow_threaded/CMake/lib_external/googletest"/>
				<Option object_output="./"/>
				<Option type="2"/>
				<Option compiler="clang"/>
				<Compiler>
					<Add directory="/home/pascal/cernbox/Projects/Molflow_code/molflow_threaded/lib_external/googletest/googletest/include"/>
					<Add directory="/home/pascal/cernbox/Projects/Molflow_code/molflow_threaded/lib_external/googletest/googletest"/>
					<Add directory="/usr/bin/../lib64/gcc/x86_64-suse-linux/8/../../../../include/c++/8"/>
					<Add directory="/usr/bin/../lib64/gcc/x86_64-suse-linux/8/../../../../include/c++/8/x86_64-suse-linux"/>
					<Add directory="/usr/bin/../lib64/gcc/x86_64-suse-linux/8/../../../../include/c++/8/backward"/>
					<Add directory="/usr/local/include"/>
					<Add directory="/usr/lib64/clang/7.0.1/include"/>
					<Add directory="/usr/include"/>
				</Compiler>
				<MakeCommands>
					<Build command="/usr/bin/gmake -j4 -f &quot;/home/pascal/cernbox/Projects/Molflow_code/molflow_threaded/CMake/lib_external/googletest/Makefile&quot;  VERBOSE=1 gtest/fast"/>
					<CompileFile command="/usr/bin/gmake -j4 -f &quot;/home/pascal/cernbox/Projects/Molflow_code/molflow_threaded/CMake/lib_external/googletest/Makefile&quot;  VERBOSE=1 &quot;$file&quot;"/>
					<Clean command="/usr/bin/gmake -j4 -f &quot;/home/pascal/cernbox/Projects/Molflow_code/molflow_threaded/CMake/lib_external/googletest/Makefile&quot;  VERBOSE=1 clean"/>
					<DistClean command="/usr/bin/gmake -j4 -f &quot;/home/pascal/cernbox/Projects/Molflow_code/molflow_threaded/CMake/lib_external/googletest/Makefile&quot;  VERBOSE=1 clean"/>
				</MakeCommands>
			</Target>
		</Build>
		<Unit filename="/home/pascal/cernbox/Projects/Molflow_code/molflow_threaded/lib_external/googletest/googletest/src/gtest-all.cc">
			<Option target="gtest"/>
		</Unit>
		<Unit filename="/home/pascal/cernbox/Projects/Molflow_code/molflow_threaded/lib_external/googletest/googletest/src/gtest_main.cc">
			<Option target="gtest_main"/>
		</Unit>
		<Unit filename="/home/pascal/cernbox/Projects/Molflow_code/molflow_threaded/CMake/CMakeLists.txt">
			<Option virtualFolder="CMake Files\"/>
		</Unit>
		<Unit filename="/home/pascal/cernbox/Projects/Molflow_code/molflow_threaded/CMake/clipper/CMakeLists.txt">
			<Option virtualFolder="CMake Files\clipper\"/>
		</Unit>
		<Unit filename="/home/pascal/cernbox/Projects/Molflow_code/molflow_threaded/CMake/compress/CMakeLists.txt">
			<Option virtualFolder="CMake Files\compress\"/>
		</Unit>
		<Unit filename="/home/pascal/cernbox/Projects/Molflow_code/molflow_threaded/CMake/../lib_external/googletest/CMakeLists.txt">
			<Option virtualFolder="CMake Files\..\lib_external\googletest\"/>
		</Unit>
		<Unit filename="/home/pascal/cernbox/Projects/Molflow_code/molflow_threaded/CMake/../lib_external/googletest/googlemock/CMakeLists.txt">
			<Option virtualFolder="CMake Files\..\lib_external\googletest\googlemock\"/>
		</Unit>
		<Unit filename="/home/pascal/cernbox/Projects/Molflow_code/molflow_threaded/CMake/../lib_external/googletest/googlemock/cmake/gmock.pc.in">
			<Option virtualFolder="CMake Files\..\lib_external\googletest\googlemock\cmake\"/>
		</Unit>
		<Unit filename="/home/pascal/cernbox/Projects/Molflow_code/molflow_threaded/CMake/../lib_external/googletest/googlemock/cmake/gmock_main.pc.in">
			<Option virtualFolder="CMake Files\..\lib_external\googletest\googlemock\cmake\"/>
		</Unit>
		<Unit filename="/home/pascal/cernbox/Projects/Molflow_code/molflow_threaded/CMake/../lib_external/googletest/googletest/CMakeLists.txt">
			<Option virtualFolder="CMake Files\..\lib_external\googletest\googletest\"/>
		</Unit>
		<Unit filename="/home/pascal/cernbox/Projects/Molflow_code/molflow_threaded/CMake/../lib_external/googletest/googletest/cmake/Config.cmake.in">
			<Option virtualFolder="CMake Files\..\lib_external\googletest\googletest\cmake\"/>
		</Unit>
		<Unit filename="/home/pascal/cernbox/Projects/Molflow_code/molflow_threaded/CMake/../lib_external/googletest/googletest/cmake/gtest.pc.in">
			<Option virtualFolder="CMake Files\..\lib_external\googletest\googletest\cmake\"/>
		</Unit>
		<Unit filename="/home/pascal/cernbox/Projects/Molflow_code/molflow_threaded/CMake/../lib_external/googletest/googletest/cmake/gtest_main.pc.in">
			<Option virtualFolder="CMake Files\..\lib_external\googletest\googletest\cmake\"/>
		</Unit>
		<Unit filename="/home/pascal/cernbox/Projects/Molflow_code/molflow_threaded/CMake/../lib_external/googletest/googletest/cmake/internal_utils.cmake">
			<Option virtualFolder="CMake Files\..\lib_external\googletest\googletest\cmake\"/>
		</Unit>
		<Unit filename="/home/pascal/cernbox/Projects/Molflow_code/molflow_threaded/CMake/../../../../../../../usr/lib64/cmake/SDL2/sdl2-config.cmake">
			<Option virtualFolder="CMake Files\..\..\..\..\..\..\..\usr\lib64\cmake\SDL2\"/>
		</Unit>
		<Unit filename="/home/pascal/cernbox/Projects/Molflow_code/molflow_threaded/CMake/molflow_win/CMakeLists.txt">
			<Option virtualFolder="CMake Files\molflow_win\"/>
		</Unit>
		<Unit filename="/home/pascal/cernbox/Projects/Molflow_code/molflow_threaded/CMake/pugixml/CMakeLists.txt">
			<Option virtualFolder="CMake Files\pugixml\"/>
		</Unit>
		<Unit filename="/home/pascal/cernbox/Projects/Molflow_code/molflow_threaded/CMake/nativefiledialog/CMakeLists.txt">
			<Option virtualFolder="CMake Files\nativefiledialog\"/>
		</Unit>
		<Unit filename="/home/pascal/cernbox/Projects/Molflow_code/molflow_threaded/CMake/sdl_savepng/CMakeLists.txt">
			<Option virtualFolder="CMake Files\sdl_savepng\"/>
		</Unit>
		<Unit filename="/home/pascal/cernbox/Projects/Molflow_code/molflow_threaded/CMake/truncatedgaussian/CMakeLists.txt">
			<Option virtualFolder="CMake Files\truncatedgaussian\"/>
		</Unit>
		<Unit filename="/home/pascal/cernbox/Projects/Molflow_code/molflow_threaded/CMake/molflow_testsuit/CMakeLists.txt">
			<Option virtualFolder="CMake Files\molflow_testsuit\"/>
		</Unit>
	</Project>
</CodeBlocks_project_file>
